
Microsoft Visual Studio Solution File, Format Version 12.00
# Visual Studio 14
VisualStudioVersion = 14.0.25420.1
MinimumVisualStudioVersion = 10.0.40219.1
Project("{2150E333-8FDC-42A3-9474-1A3956D46DE8}") = "src", "src", "{9F48F04D-B9E0-47E3-8A10-DC056912DA77}"
EndProject
Project("{2150E333-8FDC-42A3-9474-1A3956D46DE8}") = "Solution Items", "Solution Items", "{16194312-5C2E-4C4A-853F-12B20EE1E159}"
	ProjectSection(SolutionItems) = preProject
		global.json = global.json
	EndProjectSection
EndProject
Project("{8BB2217D-0F2D-49D1-97BC-3654ED321F3B}") = "DeteccaoOnjetos", "src\DeteccaoOnjetos\DeteccaoOnjetos.xproj", "{1247EBEA-9364-41CF-A6DE-666C057A4AF8}"
EndProject
Global
	GlobalSection(SolutionConfigurationPlatforms) = preSolution
		Debug|Any CPU = Debug|Any CPU
		Release|Any CPU = Release|Any CPU
	EndGlobalSection
	GlobalSection(ProjectConfigurationPlatforms) = postSolution
		{1247EBEA-9364-41CF-A6DE-666C057A4AF8}.Debug|Any CPU.ActiveCfg = Debug|Any CPU
		{1247EBEA-9364-41CF-A6DE-666C057A4AF8}.Debug|Any CPU.Build.0 = Debug|Any CPU
		{1247EBEA-9364-41CF-A6DE-666C057A4AF8}.Release|Any CPU.ActiveCfg = Release|Any CPU
		{1247EBEA-9364-41CF-A6DE-666C057A4AF8}.Release|Any CPU.Build.0 = Release|Any CPU
	EndGlobalSection
	GlobalSection(SolutionProperties) = preSolution
		HideSolutionNode = FALSE
	EndGlobalSection
	GlobalSection(NestedProjects) = preSolution
		{1247EBEA-9364-41CF-A6DE-666C057A4AF8} = {9F48F04D-B9E0-47E3-8A10-DC056912DA77}
	EndGlobalSection
EndGlobal
